
Microsoft Visual Studio Solution File, Format Version 12.00
# Visual Studio 15
VisualStudioVersion = 15.0.27428.2015
MinimumVisualStudioVersion = 10.0.40219.1
Project("{9A19103F-16F7-4668-BE54-9A1E7A4F7556}") = "RetailSuccess.AWSSlackSlashCommand", "RetailSuccess.AWSSlackSlashCommand\RetailSuccess.AWSSlackSlashCommand.csproj", "{DC7CB2C9-8D6A-416C-906C-50157C9B61EE}"
EndProject
Global
	GlobalSection(SolutionConfigurationPlatforms) = preSolution
		Debug|Any CPU = Debug|Any CPU
		Release|Any CPU = Release|Any CPU
	EndGlobalSection
	GlobalSection(ProjectConfigurationPlatforms) = postSolution
		{DC7CB2C9-8D6A-416C-906C-50157C9B61EE}.Debug|Any CPU.ActiveCfg = Debug|Any CPU
		{DC7CB2C9-8D6A-416C-906C-50157C9B61EE}.Debug|Any CPU.Build.0 = Debug|Any CPU
		{DC7CB2C9-8D6A-416C-906C-50157C9B61EE}.Release|Any CPU.ActiveCfg = Release|Any CPU
		{DC7CB2C9-8D6A-416C-906C-50157C9B61EE}.Release|Any CPU.Build.0 = Release|Any CPU
	EndGlobalSection
	GlobalSection(SolutionProperties) = preSolution
		HideSolutionNode = FALSE
	EndGlobalSection
	GlobalSection(ExtensibilityGlobals) = postSolution
		SolutionGuid = {D389962A-EBC7-41A7-9F56-BB43035AE30E}
	EndGlobalSection
EndGlobal
